
Microsoft Visual Studio Solution File, Format Version 12.00
# Visual Studio 15
VisualStudioVersion = 15.0.27703.2018
MinimumVisualStudioVersion = 10.0.40219.1
Project("{FAE04EC0-301F-11D3-BF4B-00C04F79EFBC}") = "Iteration", "Iteration\Iteration.csproj", "{06A48241-7519-44EB-9CF2-CB4D372236AA}"
EndProject
Global
	GlobalSection(SolutionConfigurationPlatforms) = preSolution
		Debug|Any CPU = Debug|Any CPU
		Release|Any CPU = Release|Any CPU
	EndGlobalSection
	GlobalSection(ProjectConfigurationPlatforms) = postSolution
		{06A48241-7519-44EB-9CF2-CB4D372236AA}.Debug|Any CPU.ActiveCfg = Debug|Any CPU
		{06A48241-7519-44EB-9CF2-CB4D372236AA}.Debug|Any CPU.Build.0 = Debug|Any CPU
		{06A48241-7519-44EB-9CF2-CB4D372236AA}.Release|Any CPU.ActiveCfg = Release|Any CPU
		{06A48241-7519-44EB-9CF2-CB4D372236AA}.Release|Any CPU.Build.0 = Release|Any CPU
	EndGlobalSection
	GlobalSection(SolutionProperties) = preSolution
		HideSolutionNode = FALSE
	EndGlobalSection
	GlobalSection(ExtensibilityGlobals) = postSolution
		SolutionGuid = {F2428F93-5CE3-44CD-9042-D7EF017E58E0}
	EndGlobalSection
EndGlobal
